
Microsoft Visual Studio Solution File, Format Version 12.00
# Visual Studio 15
Project("{FAE04EC0-301F-11D3-BF4B-00C04F79EFBC}") = "pjw", "pjw.csproj", "{0DB4EE97-3FA8-B8E6-D283-C76E5991FCBA}"
EndProject
Project("{FAE04EC0-301F-11D3-BF4B-00C04F79EFBC}") = "pjw.Editor", "pjw.Editor.csproj", "{2D46F3DA-963A-E561-8A53-80F29D91E399}"
EndProject
Global
	GlobalSection(SolutionConfigurationPlatforms) = preSolution
		Debug|Any CPU = Debug|Any CPU
		Release|Any CPU = Release|Any CPU
	EndGlobalSection
	GlobalSection(ProjectConfigurationPlatforms) = postSolution
		{0DB4EE97-3FA8-B8E6-D283-C76E5991FCBA}.Debug|Any CPU.ActiveCfg = Debug|Any CPU
		{0DB4EE97-3FA8-B8E6-D283-C76E5991FCBA}.Debug|Any CPU.Build.0 = Debug|Any CPU
		{0DB4EE97-3FA8-B8E6-D283-C76E5991FCBA}.Release|Any CPU.ActiveCfg = Release|Any CPU
		{0DB4EE97-3FA8-B8E6-D283-C76E5991FCBA}.Release|Any CPU.Build.0 = Release|Any CPU
		{2D46F3DA-963A-E561-8A53-80F29D91E399}.Debug|Any CPU.ActiveCfg = Debug|Any CPU
		{2D46F3DA-963A-E561-8A53-80F29D91E399}.Debug|Any CPU.Build.0 = Debug|Any CPU
		{2D46F3DA-963A-E561-8A53-80F29D91E399}.Release|Any CPU.ActiveCfg = Release|Any CPU
		{2D46F3DA-963A-E561-8A53-80F29D91E399}.Release|Any CPU.Build.0 = Release|Any CPU
	EndGlobalSection
	GlobalSection(SolutionProperties) = preSolution
		HideSolutionNode = FALSE
	EndGlobalSection
EndGlobal
